
Microsoft Visual Studio Solution File, Format Version 12.00
# Visual Studio Version 16
VisualStudioVersion = 16.0.29920.165
MinimumVisualStudioVersion = 10.0.40219.1
Project("{FAE04EC0-301F-11D3-BF4B-00C04F79EFBC}") = "CSharpConsoleApp", "CSharpConsoleApp\CSharpConsoleApp.csproj", "{FB6E2E75-4045-483F-9E95-D7A9C2F80622}"
EndProject
Project("{8BC9CEB8-8B4A-11D0-8D11-00A0C91BC942}") = "CppIppCore", "CppIppCore\CppIppCore.vcxproj", "{751A5A42-7566-47E9-B185-F498D0DAD781}"
EndProject
Project("{8BC9CEB8-8B4A-11D0-8D11-00A0C91BC942}") = "CppWrapper", "CppWrapper\CppWrapper.vcxproj", "{52333100-0AA6-4B38-A7E9-AA6C25380AAE}"
EndProject
Global
	GlobalSection(SolutionConfigurationPlatforms) = preSolution
		Debug|x64 = Debug|x64
		Release|x64 = Release|x64
	EndGlobalSection
	GlobalSection(ProjectConfigurationPlatforms) = postSolution
		{751A5A42-7566-47E9-B185-F498D0DAD781}.Debug|x64.ActiveCfg = Debug|x64
		{751A5A42-7566-47E9-B185-F498D0DAD781}.Debug|x64.Build.0 = Debug|x64
		{751A5A42-7566-47E9-B185-F498D0DAD781}.Release|x64.ActiveCfg = Release|x64
		{751A5A42-7566-47E9-B185-F498D0DAD781}.Release|x64.Build.0 = Release|x64
		{52333100-0AA6-4B38-A7E9-AA6C25380AAE}.Debug|x64.ActiveCfg = Debug|x64
		{52333100-0AA6-4B38-A7E9-AA6C25380AAE}.Debug|x64.Build.0 = Debug|x64
		{52333100-0AA6-4B38-A7E9-AA6C25380AAE}.Release|x64.ActiveCfg = Release|x64
		{52333100-0AA6-4B38-A7E9-AA6C25380AAE}.Release|x64.Build.0 = Release|x64
		{FB6E2E75-4045-483F-9E95-D7A9C2F80622}.Debug|x64.ActiveCfg = Debug|x64
		{FB6E2E75-4045-483F-9E95-D7A9C2F80622}.Debug|x64.Build.0 = Debug|x64
		{FB6E2E75-4045-483F-9E95-D7A9C2F80622}.Release|x64.ActiveCfg = Release|x64
		{FB6E2E75-4045-483F-9E95-D7A9C2F80622}.Release|x64.Build.0 = Release|x64
	EndGlobalSection
	GlobalSection(SolutionProperties) = preSolution
		HideSolutionNode = FALSE
	EndGlobalSection
	GlobalSection(ExtensibilityGlobals) = postSolution
		SolutionGuid = {F8DC27A7-B134-4FB0-AB37-66C43691F232}
	EndGlobalSection
EndGlobal
